// !$*UTF8*$!
{
	archiveVersion = 1;
	classes = {
	};
	objectVersion = 50;
	objects = {

/* Begin PBXBuildFile section */
		22ACF06D2559CA2B0079D9EC /* DetailViewController.swift in Sources */ = {isa = PBXBuildFile; fileRef = 22ACF06C2559CA2B0079D9EC /* DetailViewController.swift */; };
		22FE6BEE2555CB090049B81A /* AppDelegate.swift in Sources */ = {isa = PBXBuildFile; fileRef = 22FE6BED2555CB090049B81A /* AppDelegate.swift */; };
		22FE6BF02555CB090049B81A /* SceneDelegate.swift in Sources */ = {isa = PBXBuildFile; fileRef = 22FE6BEF2555CB090049B81A /* SceneDelegate.swift */; };
		22FE6BF22555CB090049B81A /* ViewController.swift in Sources */ = {isa = PBXBuildFile; fileRef = 22FE6BF12555CB090049B81A /* ViewController.swift */; };
		22FE6BF52555CB090049B81A /* Main.storyboard in Resources */ = {isa = PBXBuildFile; fileRef = 22FE6BF32555CB090049B81A /* Main.storyboard */; };
		22FE6BF82555CB090049B81A /* Swift_NotePad_core_data.xcdatamodeld in Sources */ = {isa = PBXBuildFile; fileRef = 22FE6BF62555CB090049B81A /* Swift_NotePad_core_data.xcdatamodeld */; };
		22FE6BFA2555CB0A0049B81A /* Assets.xcassets in Resources */ = {isa = PBXBuildFile; fileRef = 22FE6BF92555CB0A0049B81A /* Assets.xcassets */; };
		22FE6BFD2555CB0A0049B81A /* LaunchScreen.storyboard in Resources */ = {isa = PBXBuildFile; fileRef = 22FE6BFB2555CB0A0049B81A /* LaunchScreen.storyboard */; };
/* End PBXBuildFile section */

/* Begin PBXFileReference section */
		22ACF06C2559CA2B0079D9EC /* DetailViewController.swift */ = {isa = PBXFileReference; lastKnownFileType = sourcecode.swift; path = DetailViewController.swift; sourceTree = "<group>"; };
		22FE6BEA2555CB080049B81A /* Swift-NotePad-core-data.app */ = {isa = PBXFileReference; explicitFileType = wrapper.application; includeInIndex = 0; path = "Swift-NotePad-core-data.app"; sourceTree = BUILT_PRODUCTS_DIR; };
		22FE6BED2555CB090049B81A /* AppDelegate.swift */ = {isa = PBXFileReference; lastKnownFileType = sourcecode.swift; path = AppDelegate.swift; sourceTree = "<group>"; };
		22FE6BEF2555CB090049B81A /* SceneDelegate.swift */ = {isa = PBXFileReference; lastKnownFileType = sourcecode.swift; path = SceneDelegate.swift; sourceTree = "<group>"; };
		22FE6BF12555CB090049B81A /* ViewController.swift */ = {isa = PBXFileReference; lastKnownFileType = sourcecode.swift; path = ViewController.swift; sourceTree = "<group>"; };
		22FE6BF42555CB090049B81A /* Base */ = {isa = PBXFileReference; lastKnownFileType = file.storyboard; name = Base; path = Base.lproj/Main.storyboard; sourceTree = "<group>"; };
		22FE6BF72555CB090049B81A /* Swift_NotePad_core_data.xcdatamodel */ = {isa = PBXFileReference; lastKnownFileType = wrapper.xcdatamodel; path = Swift_NotePad_core_data.xcdatamodel; sourceTree = "<group>"; };
		22FE6BF92555CB0A0049B81A /* Assets.xcassets */ = {isa = PBXFileReference; lastKnownFileType = folder.assetcatalog; path = Assets.xcassets; sourceTree = "<group>"; };
		22FE6BFC2555CB0A0049B81A /* Base */ = {isa = PBXFileReference; lastKnownFileType = file.storyboard; name = Base; path = Base.lproj/LaunchScreen.storyboard; sourceTree = "<group>"; };
		22FE6BFE2555CB0A0049B81A /* Info.plist */ = {isa = PBXFileReference; lastKnownFileType = text.plist.xml; path = Info.plist; sourceTree = "<group>"; };
/* End PBXFileReference section */

/* Begin PBXFrameworksBuildPhase section */
		22FE6BE72555CB080049B81A /* Frameworks */ = {
			isa = PBXFrameworksBuildPhase;
			buildActionMask = 2147483647;
			files = (
			);
			runOnlyForDeploymentPostprocessing = 0;
		};
/* End PBXFrameworksBuildPhase section */

/* Begin PBXGroup section */
		22FE6BE12555CB080049B81A = {
			isa = PBXGroup;
			children = (
				22FE6BEC2555CB080049B81A /* Swift-NotePad-core-data */,
				22FE6BEB2555CB080049B81A /* Products */,
			);
			sourceTree = "<group>";
		};
		22FE6BEB2555CB080049B81A /* Products */ = {
			isa = PBXGroup;
			children = (
				22FE6BEA2555CB080049B81A /* Swift-NotePad-core-data.app */,
			);
			name = Products;
			sourceTree = "<group>";
		};
		22FE6BEC2555CB080049B81A /* Swift-NotePad-core-data */ = {
			isa = PBXGroup;
			children = (
				22FE6BED2555CB090049B81A /* AppDelegate.swift */,
				22FE6BEF2555CB090049B81A /* SceneDelegate.swift */,
				22FE6BF12555CB090049B81A /* ViewController.swift */,
				22ACF06C2559CA2B0079D9EC /* DetailViewController.swift */,
				22FE6BF32555CB090049B81A /* Main.storyboard */,
				22FE6BF92555CB0A0049B81A /* Assets.xcassets */,
				22FE6BFB2555CB0A0049B81A /* LaunchScreen.storyboard */,
				22FE6BFE2555CB0A0049B81A /* Info.plist */,
				22FE6BF62555CB090049B81A /* Swift_NotePad_core_data.xcdatamodeld */,
			);
			path = "Swift-NotePad-core-data";
			sourceTree = "<group>";
		};
/* End PBXGroup section */

/* Begin PBXNativeTarget section */
		22FE6BE92555CB080049B81A /* Swift-NotePad-core-data */ = {
			isa = PBXNativeTarget;
			buildConfigurationList = 22FE6C012555CB0A0049B81A /* Build configuration list for PBXNativeTarget "Swift-NotePad-core-data" */;
			buildPhases = (
				22FE6BE62555CB080049B81A /* Sources */,
				22FE6BE72555CB080049B81A /* Frameworks */,
				22FE6BE82555CB080049B81A /* Resources */,
			);
			buildRules = (
			);
			dependencies = (
			);
			name = "Swift-NotePad-core-data";
			productName = "Swift-NotePad-core-data";
			productReference = 22FE6BEA2555CB080049B81A /* Swift-NotePad-core-data.app */;
			productType = "com.apple.product-type.application";
		};
/* End PBXNativeTarget section */

/* Begin PBXProject section */
		22FE6BE22555CB080049B81A /* Project object */ = {
			isa = PBXProject;
			attributes = {
				LastSwiftUpdateCheck = 1210;
				LastUpgradeCheck = 1210;
				TargetAttributes = {
					22FE6BE92555CB080049B81A = {
						CreatedOnToolsVersion = 12.1;
					};
				};
			};
			buildConfigurationList = 22FE6BE52555CB080049B81A /* Build configuration list for PBXProject "Swift-NotePad-core-data" */;
			compatibilityVersion = "Xcode 9.3";
			developmentRegion = en;
			hasScannedForEncodings = 0;
			knownRegions = (
				en,
				Base,
			);
			mainGroup = 22FE6BE12555CB080049B81A;
			productRefGroup = 22FE6BEB2555CB080049B81A /* Products */;
			projectDirPath = "";
			projectRoot = "";
			targets = (
				22FE6BE92555CB080049B81A /* Swift-NotePad-core-data */,
			);
		};
/* End PBXProject section */

/* Begin PBXResourcesBuildPhase section */
		22FE6BE82555CB080049B81A /* Resources */ = {
			isa = PBXResourcesBuildPhase;
			buildActionMask = 2147483647;
			files = (
				22FE6BFD2555CB0A0049B81A /* LaunchScreen.storyboard in Resources */,
				22FE6BFA2555CB0A0049B81A /* Assets.xcassets in Resources */,
				22FE6BF52555CB090049B81A /* Main.storyboard in Resources */,
			);
			runOnlyForDeploymentPostprocessing = 0;
		};
/* End PBXResourcesBuildPhase section */

/* Begin PBXSourcesBuildPhase section */
		22FE6BE62555CB080049B81A /* Sources */ = {
			isa = PBXSourcesBuildPhase;
			buildActionMask = 2147483647;
			files = (
				22FE6BF82555CB090049B81A /* Swift_NotePad_core_data.xcdatamodeld in Sources */,
				22FE6BF22555CB090049B81A /* ViewController.swift in Sources */,
				22ACF06D2559CA2B0079D9EC /* DetailViewController.swift in Sources */,
				22FE6BEE2555CB090049B81A /* AppDelegate.swift in Sources */,
				22FE6BF02555CB090049B81A /* SceneDelegate.swift in Sources */,
			);
			runOnlyForDeploymentPostprocessing = 0;
		};
/* End PBXSourcesBuildPhase section */

/* Begin PBXVariantGroup section */
		22FE6BF32555CB090049B81A /* Main.storyboard */ = {
			isa = PBXVariantGroup;
			children = (
				22FE6BF42555CB090049B81A /* Base */,
			);
			name = Main.storyboard;
			sourceTree = "<group>";
		};
		22FE6BFB2555CB0A0049B81A /* LaunchScreen.storyboard */ = {
			isa = PBXVariantGroup;
			children = (
				22FE6BFC2555CB0A0049B81A /* Base */,
			);
			name = LaunchScreen.storyboard;
			sourceTree = "<group>";
		};
/* End PBXVariantGroup section */

/* Begin XCBuildConfiguration section */
		22FE6BFF2555CB0A0049B81A /* Debug */ = {
			isa = XCBuildConfiguration;
			buildSettings = {
				ALWAYS_SEARCH_USER_PATHS = NO;
				CLANG_ANALYZER_NONNULL = YES;
				CLANG_ANALYZER_NUMBER_OBJECT_CONVERSION = YES_AGGRESSIVE;
				CLANG_CXX_LANGUAGE_STANDARD = "gnu++14";
				CLANG_CXX_LIBRARY = "libc++";
				CLANG_ENABLE_MODULES = YES;
				CLANG_ENABLE_OBJC_ARC = YES;
				CLANG_ENABLE_OBJC_WEAK = YES;
				CLANG_WARN_BLOCK_CAPTURE_AUTORELEASING = YES;
				CLANG_WARN_BOOL_CONVERSION = YES;
				CLANG_WARN_COMMA = YES;
				CLANG_WARN_CONSTANT_CONVERSION = YES;
				CLANG_WARN_DEPRECATED_OBJC_IMPLEMENTATIONS = YES;
				CLANG_WARN_DIRECT_OBJC_ISA_USAGE = YES_ERROR;
				CLANG_WARN_DOCUMENTATION_COMMENTS = YES;
				CLANG_WARN_EMPTY_BODY = YES;
				CLANG_WARN_ENUM_CONVERSION = YES;
				CLANG_WARN_INFINITE_RECURSION = YES;
				CLANG_WARN_INT_CONVERSION = YES;
				CLANG_WARN_NON_LITERAL_NULL_CONVERSION = YES;
				CLANG_WARN_OBJC_IMPLICIT_RETAIN_SELF = YES;
				CLANG_WARN_OBJC_LITERAL_CONVERSION = YES;
				CLANG_WARN_OBJC_ROOT_CLASS = YES_ERROR;
				CLANG_WARN_QUOTED_INCLUDE_IN_FRAMEWORK_HEADER = YES;
				CLANG_WARN_RANGE_LOOP_ANALYSIS = YES;
				CLANG_WARN_STRICT_PROTOTYPES = YES;
				CLANG_WARN_SUSPICIOUS_MOVE = YES;
				CLANG_WARN_UNGUARDED_AVAILABILITY = YES_AGGRESSIVE;
				CLANG_WARN_UNREACHABLE_CODE = YES;
				CLANG_WARN__DUPLICATE_METHOD_MATCH = YES;
				COPY_PHASE_STRIP = NO;
				DEBUG_INFORMATION_FORMAT = dwarf;
				ENABLE_STRICT_OBJC_MSGSEND = YES;
				ENABLE_TESTABILITY = YES;
				GCC_C_LANGUAGE_STANDARD = gnu11;
				GCC_DYNAMIC_NO_PIC = NO;
				GCC_NO_COMMON_BLOCKS = YES;
				GCC_OPTIMIZATION_LEVEL = 0;
				GCC_PREPROCESSOR_DEFINITIONS = (
					"DEBUG=1",
					"$(inherited)",
				);
				GCC_WARN_64_TO_32_BIT_CONVERSION = YES;
				GCC_WARN_ABOUT_RETURN_TYPE = YES_ERROR;
				GCC_WARN_UNDECLARED_SELECTOR = YES;
				GCC_WARN_UNINITIALIZED_AUTOS = YES_AGGRESSIVE;
				GCC_WARN_UNUSED_FUNCTION = YES;
				GCC_WARN_UNUSED_VARIABLE = YES;
				IPHONEOS_DEPLOYMENT_TARGET = 14.1;
				MTL_ENABLE_DEBUG_INFO = INCLUDE_SOURCE;
				MTL_FAST_MATH = YES;
				ONLY_ACTIVE_ARCH = YES;
				SDKROOT = iphoneos;
				SWIFT_ACTIVE_COMPILATION_CONDITIONS = DEBUG;
				SWIFT_OPTIMIZATION_LEVEL = "-Onone";
			};
			name = Debug;
		};
		22FE6C002555CB0A0049B81A /* Release */ = {
			isa = XCBuildConfiguration;
			buildSettings = {
				ALWAYS_SEARCH_USER_PATHS = NO;
				CLANG_ANALYZER_NONNULL = YES;
				CLANG_ANALYZER_NUMBER_OBJECT_CONVERSION = YES_AGGRESSIVE;
				CLANG_CXX_LANGUAGE_STANDARD = "gnu++14";
				CLANG_CXX_LIBRARY = "libc++";
				CLANG_ENABLE_MODULES = YES;
				CLANG_ENABLE_OBJC_ARC = YES;
				CLANG_ENABLE_OBJC_WEAK = YES;
				CLANG_WARN_BLOCK_CAPTURE_AUTORELEASING = YES;
				CLANG_WARN_BOOL_CONVERSION = YES;
				CLANG_WARN_COMMA = YES;
				CLANG_WARN_CONSTANT_CONVERSION = YES;
				CLANG_WARN_DEPRECATED_OBJC_IMPLEMENTATIONS = YES;
				CLANG_WARN_DIRECT_OBJC_ISA_USAGE = YES_ERROR;
				CLANG_WARN_DOCUMENTATION_COMMENTS = YES;
				CLANG_WARN_EMPTY_BODY = YES;
				CLANG_WARN_ENUM_CONVERSION = YES;
				CLANG_WARN_INFINITE_RECURSION = YES;
				CLANG_WARN_INT_CONVERSION = YES;
				CLANG_WARN_NON_LITERAL_NULL_CONVERSION = YES;
				CLANG_WARN_OBJC_IMPLICIT_RETAIN_SELF = YES;
				CLANG_WARN_OBJC_LITERAL_CONVERSION = YES;
				CLANG_WARN_OBJC_ROOT_CLASS = YES_ERROR;
				CLANG_WARN_QUOTED_INCLUDE_IN_FRAMEWORK_HEADER = YES;
				CLANG_WARN_RANGE_LOOP_ANALYSIS = YES;
				CLANG_WARN_STRICT_PROTOTYPES = YES;
				CLANG_WARN_SUSPICIOUS_MOVE = YES;
				CLANG_WARN_UNGUARDED_AVAILABILITY = YES_AGGRESSIVE;
				CLANG_WARN_UNREACHABLE_CODE = YES;
				CLANG_WARN__DUPLICATE_METHOD_MATCH = YES;
				COPY_PHASE_STRIP = NO;
				DEBUG_INFORMATION_FORMAT = "dwarf-with-dsym";
				ENABLE_NS_ASSERTIONS = NO;
				ENABLE_STRICT_OBJC_MSGSEND = YES;
				GCC_C_LANGUAGE_STANDARD = gnu11;
				GCC_NO_COMMON_BLOCKS = YES;
				GCC_WARN_64_TO_32_BIT_CONVERSION = YES;
				GCC_WARN_ABOUT_RETURN_TYPE = YES_ERROR;
				GCC_WARN_UNDECLARED_SELECTOR = YES;
				GCC_WARN_UNINITIALIZED_AUTOS = YES_AGGRESSIVE;
				GCC_WARN_UNUSED_FUNCTION = YES;
				GCC_WARN_UNUSED_VARIABLE = YES;
				IPHONEOS_DEPLOYMENT_TARGET = 14.1;
				MTL_ENABLE_DEBUG_INFO = NO;
				MTL_FAST_MATH = YES;
				SDKROOT = iphoneos;
				SWIFT_COMPILATION_MODE = wholemodule;
				SWIFT_OPTIMIZATION_LEVEL = "-O";
				VALIDATE_PRODUCT = YES;
			};
			name = Release;
		};
		22FE6C022555CB0A0049B81A /* Debug */ = {
			isa = XCBuildConfiguration;
			buildSettings = {
				ASSETCATALOG_COMPILER_APPICON_NAME = AppIcon;
				ASSETCATALOG_COMPILER_GLOBAL_ACCENT_COLOR_NAME = AccentColor;
				CODE_SIGN_STYLE = Automatic;
				DEVELOPMENT_TEAM = R8LKHVDLVM;
				INFOPLIST_FILE = "Swift-NotePad-core-data/Info.plist";
				LD_RUNPATH_SEARCH_PATHS = (
					"$(inherited)",
					"@executable_path/Frameworks",
				);
				PRODUCT_BUNDLE_IDENTIFIER = "com.subha.Swift-NotePad-core-data";
				PRODUCT_NAME = "$(TARGET_NAME)";
				SWIFT_VERSION = 5.0;
				TARGETED_DEVICE_FAMILY = "1,2";
			};
			name = Debug;
		};
		22FE6C032555CB0A0049B81A /* Release */ = {
			isa = XCBuildConfiguration;
			buildSettings = {
				ASSETCATALOG_COMPILER_APPICON_NAME = AppIcon;
				ASSETCATALOG_COMPILER_GLOBAL_ACCENT_COLOR_NAME = AccentColor;
				CODE_SIGN_STYLE = Automatic;
				DEVELOPMENT_TEAM = R8LKHVDLVM;
				INFOPLIST_FILE = "Swift-NotePad-core-data/Info.plist";
				LD_RUNPATH_SEARCH_PATHS = (
					"$(inherited)",
					"@executable_path/Frameworks",
				);
				PRODUCT_BUNDLE_IDENTIFIER = "com.subha.Swift-NotePad-core-data";
				PRODUCT_NAME = "$(TARGET_NAME)";
				SWIFT_VERSION = 5.0;
				TARGETED_DEVICE_FAMILY = "1,2";
			};
			name = Release;
		};
/* End XCBuildConfiguration section */

/* Begin XCConfigurationList section */
		22FE6BE52555CB080049B81A /* Build configuration list for PBXProject "Swift-NotePad-core-data" */ = {
			isa = XCConfigurationList;
			buildConfigurations = (
				22FE6BFF2555CB0A0049B81A /* Debug */,
				22FE6C002555CB0A0049B81A /* Release */,
			);
			defaultConfigurationIsVisible = 0;
			defaultConfigurationName = Release;
		};
		22FE6C012555CB0A0049B81A /* Build configuration list for PBXNativeTarget "Swift-NotePad-core-data" */ = {
			isa = XCConfigurationList;
			buildConfigurations = (
				22FE6C022555CB0A0049B81A /* Debug */,
				22FE6C032555CB0A0049B81A /* Release */,
			);
			defaultConfigurationIsVisible = 0;
			defaultConfigurationName = Release;
		};
/* End XCConfigurationList section */

/* Begin XCVersionGroup section */
		22FE6BF62555CB090049B81A /* Swift_NotePad_core_data.xcdatamodeld */ = {
			isa = XCVersionGroup;
			children = (
				22FE6BF72555CB090049B81A /* Swift_NotePad_core_data.xcdatamodel */,
			);
			currentVersion = 22FE6BF72555CB090049B81A /* Swift_NotePad_core_data.xcdatamodel */;
			path = Swift_NotePad_core_data.xcdatamodeld;
			sourceTree = "<group>";
			versionGroupType = wrapper.xcdatamodel;
		};
/* End XCVersionGroup section */
	};
	rootObject = 22FE6BE22555CB080049B81A /* Project object */;
}
